// !$*UTF8*$!
{
	archiveVersion = 1;
	classes = {
	};
	objectVersion = 56;
	objects = {

/* Begin PBXBuildFile section */
		942EEB9529238B2700825BA9 /* AppDelegate.swift in Sources */ = {isa = PBXBuildFile; fileRef = 942EEB9429238B2700825BA9 /* AppDelegate.swift */; };
		942EEB9729238B2700825BA9 /* SceneDelegate.swift in Sources */ = {isa = PBXBuildFile; fileRef = 942EEB9629238B2700825BA9 /* SceneDelegate.swift */; };
		942EEB9929238B2700825BA9 /* ViewController.swift in Sources */ = {isa = PBXBuildFile; fileRef = 942EEB9829238B2700825BA9 /* ViewController.swift */; };
		942EEBAA29238BFC00825BA9 /* Swifter in Frameworks */ = {isa = PBXBuildFile; productRef = 942EEBA929238BFC00825BA9 /* Swifter */; };
		949E75B92924C56A00B8F8D3 /* httpServer.entitlements in Sources */ = {isa = PBXBuildFile; fileRef = 942EEBAB29238F6C00825BA9 /* httpServer.entitlements */; };
		949E75BA2924C56A00B8F8D3 /* Main.storyboard in Sources */ = {isa = PBXBuildFile; fileRef = 942EEB9A29238B2700825BA9 /* Main.storyboard */; };
		949E75BB2924C56A00B8F8D3 /* Assets.xcassets in Sources */ = {isa = PBXBuildFile; fileRef = 942EEB9D29238B2800825BA9 /* Assets.xcassets */; };
		949E75BC2924C56A00B8F8D3 /* LaunchScreen.storyboard in Sources */ = {isa = PBXBuildFile; fileRef = 942EEB9F29238B2800825BA9 /* LaunchScreen.storyboard */; };
		949E75C12924CB5C00B8F8D3 /* dist in Resources */ = {isa = PBXBuildFile; fileRef = 949E75C02924CB5C00B8F8D3 /* dist */; };
/* End PBXBuildFile section */

/* Begin PBXFileReference section */
		942EEB9129238B2700825BA9 /* httpServer.app */ = {isa = PBXFileReference; explicitFileType = wrapper.application; includeInIndex = 0; path = httpServer.app; sourceTree = BUILT_PRODUCTS_DIR; };
		942EEB9429238B2700825BA9 /* AppDelegate.swift */ = {isa = PBXFileReference; lastKnownFileType = sourcecode.swift; path = AppDelegate.swift; sourceTree = "<group>"; };
		942EEB9629238B2700825BA9 /* SceneDelegate.swift */ = {isa = PBXFileReference; lastKnownFileType = sourcecode.swift; path = SceneDelegate.swift; sourceTree = "<group>"; };
		942EEB9829238B2700825BA9 /* ViewController.swift */ = {isa = PBXFileReference; lastKnownFileType = sourcecode.swift; path = ViewController.swift; sourceTree = "<group>"; };
		942EEB9B29238B2700825BA9 /* Base */ = {isa = PBXFileReference; lastKnownFileType = file.storyboard; name = Base; path = Base.lproj/Main.storyboard; sourceTree = "<group>"; };
		942EEB9D29238B2800825BA9 /* Assets.xcassets */ = {isa = PBXFileReference; lastKnownFileType = folder.assetcatalog; path = Assets.xcassets; sourceTree = "<group>"; };
		942EEBA029238B2800825BA9 /* Base */ = {isa = PBXFileReference; lastKnownFileType = file.storyboard; name = Base; path = Base.lproj/LaunchScreen.storyboard; sourceTree = "<group>"; };
		942EEBA229238B2800825BA9 /* Info.plist */ = {isa = PBXFileReference; lastKnownFileType = text.plist.xml; path = Info.plist; sourceTree = "<group>"; };
		942EEBAB29238F6C00825BA9 /* httpServer.entitlements */ = {isa = PBXFileReference; lastKnownFileType = text.plist.entitlements; path = httpServer.entitlements; sourceTree = "<group>"; };
		949E75C02924CB5C00B8F8D3 /* dist */ = {isa = PBXFileReference; lastKnownFileType = folder; name = dist; path = "../../Function/seer.eco-vite/dist"; sourceTree = "<group>"; };
/* End PBXFileReference section */

/* Begin PBXFrameworksBuildPhase section */
		942EEB8E29238B2700825BA9 /* Frameworks */ = {
			isa = PBXFrameworksBuildPhase;
			buildActionMask = 2147483647;
			files = (
				942EEBAA29238BFC00825BA9 /* Swifter in Frameworks */,
			);
			runOnlyForDeploymentPostprocessing = 0;
		};
/* End PBXFrameworksBuildPhase section */

/* Begin PBXGroup section */
		942EEB8829238B2700825BA9 = {
			isa = PBXGroup;
			children = (
				949E75C02924CB5C00B8F8D3 /* dist */,
				942EEB9329238B2700825BA9 /* httpServer */,
				942EEB9229238B2700825BA9 /* Products */,
			);
			sourceTree = "<group>";
		};
		942EEB9229238B2700825BA9 /* Products */ = {
			isa = PBXGroup;
			children = (
				942EEB9129238B2700825BA9 /* httpServer.app */,
			);
			name = Products;
			sourceTree = "<group>";
		};
		942EEB9329238B2700825BA9 /* httpServer */ = {
			isa = PBXGroup;
			children = (
				942EEBAB29238F6C00825BA9 /* httpServer.entitlements */,
				942EEB9429238B2700825BA9 /* AppDelegate.swift */,
				942EEB9629238B2700825BA9 /* SceneDelegate.swift */,
				942EEB9829238B2700825BA9 /* ViewController.swift */,
				942EEB9A29238B2700825BA9 /* Main.storyboard */,
				942EEB9D29238B2800825BA9 /* Assets.xcassets */,
				942EEB9F29238B2800825BA9 /* LaunchScreen.storyboard */,
				942EEBA229238B2800825BA9 /* Info.plist */,
			);
			path = httpServer;
			sourceTree = "<group>";
		};
/* End PBXGroup section */

/* Begin PBXNativeTarget section */
		942EEB9029238B2700825BA9 /* httpServer */ = {
			isa = PBXNativeTarget;
			buildConfigurationList = 942EEBA529238B2800825BA9 /* Build configuration list for PBXNativeTarget "httpServer" */;
			buildPhases = (
				942EEB8D29238B2700825BA9 /* Sources */,
				942EEB8E29238B2700825BA9 /* Frameworks */,
				942EEB8F29238B2700825BA9 /* Resources */,
			);
			buildRules = (
			);
			dependencies = (
			);
			name = httpServer;
			packageProductDependencies = (
				942EEBA929238BFC00825BA9 /* Swifter */,
			);
			productName = httpServer;
			productReference = 942EEB9129238B2700825BA9 /* httpServer.app */;
			productType = "com.apple.product-type.application";
		};
/* End PBXNativeTarget section */

/* Begin PBXProject section */
		942EEB8929238B2700825BA9 /* Project object */ = {
			isa = PBXProject;
			attributes = {
				BuildIndependentTargetsInParallel = 1;
				LastSwiftUpdateCheck = 1400;
				LastUpgradeCheck = 1400;
				TargetAttributes = {
					942EEB9029238B2700825BA9 = {
						CreatedOnToolsVersion = 14.0.1;
					};
				};
			};
			buildConfigurationList = 942EEB8C29238B2700825BA9 /* Build configuration list for PBXProject "httpServer" */;
			compatibilityVersion = "Xcode 14.0";
			developmentRegion = en;
			hasScannedForEncodings = 0;
			knownRegions = (
				en,
				Base,
			);
			mainGroup = 942EEB8829238B2700825BA9;
			packageReferences = (
				942EEBA829238BFC00825BA9 /* XCRemoteSwiftPackageReference "swifter" */,
			);
			productRefGroup = 942EEB9229238B2700825BA9 /* Products */;
			projectDirPath = "";
			projectRoot = "";
			targets = (
				942EEB9029238B2700825BA9 /* httpServer */,
			);
		};
/* End PBXProject section */

/* Begin PBXResourcesBuildPhase section */
		942EEB8F29238B2700825BA9 /* Resources */ = {
			isa = PBXResourcesBuildPhase;
			buildActionMask = 2147483647;
			files = (
				949E75C12924CB5C00B8F8D3 /* dist in Resources */,
			);
			runOnlyForDeploymentPostprocessing = 0;
		};
/* End PBXResourcesBuildPhase section */

/* Begin PBXSourcesBuildPhase section */
		942EEB8D29238B2700825BA9 /* Sources */ = {
			isa = PBXSourcesBuildPhase;
			buildActionMask = 2147483647;
			files = (
				949E75B92924C56A00B8F8D3 /* httpServer.entitlements in Sources */,
				949E75BA2924C56A00B8F8D3 /* Main.storyboard in Sources */,
				949E75BB2924C56A00B8F8D3 /* Assets.xcassets in Sources */,
				949E75BC2924C56A00B8F8D3 /* LaunchScreen.storyboard in Sources */,
				942EEB9929238B2700825BA9 /* ViewController.swift in Sources */,
				942EEB9529238B2700825BA9 /* AppDelegate.swift in Sources */,
				942EEB9729238B2700825BA9 /* SceneDelegate.swift in Sources */,
			);
			runOnlyForDeploymentPostprocessing = 0;
		};
/* End PBXSourcesBuildPhase section */

/* Begin PBXVariantGroup section */
		942EEB9A29238B2700825BA9 /* Main.storyboard */ = {
			isa = PBXVariantGroup;
			children = (
				942EEB9B29238B2700825BA9 /* Base */,
			);
			name = Main.storyboard;
			sourceTree = "<group>";
		};
		942EEB9F29238B2800825BA9 /* LaunchScreen.storyboard */ = {
			isa = PBXVariantGroup;
			children = (
				942EEBA029238B2800825BA9 /* Base */,
			);
			name = LaunchScreen.storyboard;
			sourceTree = "<group>";
		};
/* End PBXVariantGroup section */

/* Begin XCBuildConfiguration section */
		942EEBA329238B2800825BA9 /* Debug */ = {
			isa = XCBuildConfiguration;
			buildSettings = {
				ALWAYS_SEARCH_USER_PATHS = NO;
				CLANG_ANALYZER_NONNULL = YES;
				CLANG_ANALYZER_NUMBER_OBJECT_CONVERSION = YES_AGGRESSIVE;
				CLANG_CXX_LANGUAGE_STANDARD = "gnu++20";
				CLANG_ENABLE_MODULES = YES;
				CLANG_ENABLE_OBJC_ARC = YES;
				CLANG_ENABLE_OBJC_WEAK = YES;
				CLANG_WARN_BLOCK_CAPTURE_AUTORELEASING = YES;
				CLANG_WARN_BOOL_CONVERSION = YES;
				CLANG_WARN_COMMA = YES;
				CLANG_WARN_CONSTANT_CONVERSION = YES;
				CLANG_WARN_DEPRECATED_OBJC_IMPLEMENTATIONS = YES;
				CLANG_WARN_DIRECT_OBJC_ISA_USAGE = YES_ERROR;
				CLANG_WARN_DOCUMENTATION_COMMENTS = YES;
				CLANG_WARN_EMPTY_BODY = YES;
				CLANG_WARN_ENUM_CONVERSION = YES;
				CLANG_WARN_INFINITE_RECURSION = YES;
				CLANG_WARN_INT_CONVERSION = YES;
				CLANG_WARN_NON_LITERAL_NULL_CONVERSION = YES;
				CLANG_WARN_OBJC_IMPLICIT_RETAIN_SELF = YES;
				CLANG_WARN_OBJC_LITERAL_CONVERSION = YES;
				CLANG_WARN_OBJC_ROOT_CLASS = YES_ERROR;
				CLANG_WARN_QUOTED_INCLUDE_IN_FRAMEWORK_HEADER = YES;
				CLANG_WARN_RANGE_LOOP_ANALYSIS = YES;
				CLANG_WARN_STRICT_PROTOTYPES = YES;
				CLANG_WARN_SUSPICIOUS_MOVE = YES;
				CLANG_WARN_UNGUARDED_AVAILABILITY = YES_AGGRESSIVE;
				CLANG_WARN_UNREACHABLE_CODE = YES;
				CLANG_WARN__DUPLICATE_METHOD_MATCH = YES;
				COPY_PHASE_STRIP = NO;
				DEBUG_INFORMATION_FORMAT = dwarf;
				ENABLE_STRICT_OBJC_MSGSEND = YES;
				ENABLE_TESTABILITY = YES;
				GCC_C_LANGUAGE_STANDARD = gnu11;
				GCC_DYNAMIC_NO_PIC = NO;
				GCC_NO_COMMON_BLOCKS = YES;
				GCC_OPTIMIZATION_LEVEL = 0;
				GCC_PREPROCESSOR_DEFINITIONS = (
					"DEBUG=1",
					"$(inherited)",
				);
				GCC_WARN_64_TO_32_BIT_CONVERSION = YES;
				GCC_WARN_ABOUT_RETURN_TYPE = YES_ERROR;
				GCC_WARN_UNDECLARED_SELECTOR = YES;
				GCC_WARN_UNINITIALIZED_AUTOS = YES_AGGRESSIVE;
				GCC_WARN_UNUSED_FUNCTION = YES;
				GCC_WARN_UNUSED_VARIABLE = YES;
				IPHONEOS_DEPLOYMENT_TARGET = 16.0;
				MTL_ENABLE_DEBUG_INFO = INCLUDE_SOURCE;
				MTL_FAST_MATH = YES;
				ONLY_ACTIVE_ARCH = YES;
				SDKROOT = iphoneos;
				SWIFT_ACTIVE_COMPILATION_CONDITIONS = DEBUG;
				SWIFT_OPTIMIZATION_LEVEL = "-Onone";
			};
			name = Debug;
		};
		942EEBA429238B2800825BA9 /* Release */ = {
			isa = XCBuildConfiguration;
			buildSettings = {
				ALWAYS_SEARCH_USER_PATHS = NO;
				CLANG_ANALYZER_NONNULL = YES;
				CLANG_ANALYZER_NUMBER_OBJECT_CONVERSION = YES_AGGRESSIVE;
				CLANG_CXX_LANGUAGE_STANDARD = "gnu++20";
				CLANG_ENABLE_MODULES = YES;
				CLANG_ENABLE_OBJC_ARC = YES;
				CLANG_ENABLE_OBJC_WEAK = YES;
				CLANG_WARN_BLOCK_CAPTURE_AUTORELEASING = YES;
				CLANG_WARN_BOOL_CONVERSION = YES;
				CLANG_WARN_COMMA = YES;
				CLANG_WARN_CONSTANT_CONVERSION = YES;
				CLANG_WARN_DEPRECATED_OBJC_IMPLEMENTATIONS = YES;
				CLANG_WARN_DIRECT_OBJC_ISA_USAGE = YES_ERROR;
				CLANG_WARN_DOCUMENTATION_COMMENTS = YES;
				CLANG_WARN_EMPTY_BODY = YES;
				CLANG_WARN_ENUM_CONVERSION = YES;
				CLANG_WARN_INFINITE_RECURSION = YES;
				CLANG_WARN_INT_CONVERSION = YES;
				CLANG_WARN_NON_LITERAL_NULL_CONVERSION = YES;
				CLANG_WARN_OBJC_IMPLICIT_RETAIN_SELF = YES;
				CLANG_WARN_OBJC_LITERAL_CONVERSION = YES;
				CLANG_WARN_OBJC_ROOT_CLASS = YES_ERROR;
				CLANG_WARN_QUOTED_INCLUDE_IN_FRAMEWORK_HEADER = YES;
				CLANG_WARN_RANGE_LOOP_ANALYSIS = YES;
				CLANG_WARN_STRICT_PROTOTYPES = YES;
				CLANG_WARN_SUSPICIOUS_MOVE = YES;
				CLANG_WARN_UNGUARDED_AVAILABILITY = YES_AGGRESSIVE;
				CLANG_WARN_UNREACHABLE_CODE = YES;
				CLANG_WARN__DUPLICATE_METHOD_MATCH = YES;
				COPY_PHASE_STRIP = NO;
				DEBUG_INFORMATION_FORMAT = "dwarf-with-dsym";
				ENABLE_NS_ASSERTIONS = NO;
				ENABLE_STRICT_OBJC_MSGSEND = YES;
				GCC_C_LANGUAGE_STANDARD = gnu11;
				GCC_NO_COMMON_BLOCKS = YES;
				GCC_WARN_64_TO_32_BIT_CONVERSION = YES;
				GCC_WARN_ABOUT_RETURN_TYPE = YES_ERROR;
				GCC_WARN_UNDECLARED_SELECTOR = YES;
				GCC_WARN_UNINITIALIZED_AUTOS = YES_AGGRESSIVE;
				GCC_WARN_UNUSED_FUNCTION = YES;
				GCC_WARN_UNUSED_VARIABLE = YES;
				IPHONEOS_DEPLOYMENT_TARGET = 16.0;
				MTL_ENABLE_DEBUG_INFO = NO;
				MTL_FAST_MATH = YES;
				SDKROOT = iphoneos;
				SWIFT_COMPILATION_MODE = wholemodule;
				SWIFT_OPTIMIZATION_LEVEL = "-O";
				VALIDATE_PRODUCT = YES;
			};
			name = Release;
		};
		942EEBA629238B2800825BA9 /* Debug */ = {
			isa = XCBuildConfiguration;
			buildSettings = {
				ASSETCATALOG_COMPILER_APPICON_NAME = AppIcon;
				ASSETCATALOG_COMPILER_GLOBAL_ACCENT_COLOR_NAME = AccentColor;
				CODE_SIGN_ENTITLEMENTS = httpServer/httpServer.entitlements;
				CODE_SIGN_STYLE = Automatic;
				CURRENT_PROJECT_VERSION = 1;
				DEVELOPMENT_TEAM = ZP36XZWLS8;
				GENERATE_INFOPLIST_FILE = YES;
				INFOPLIST_FILE = httpServer/Info.plist;
				INFOPLIST_KEY_UIApplicationSupportsIndirectInputEvents = YES;
				INFOPLIST_KEY_UILaunchStoryboardName = LaunchScreen;
				INFOPLIST_KEY_UIMainStoryboardFile = Main;
				INFOPLIST_KEY_UIStatusBarStyle = "";
				INFOPLIST_KEY_UISupportedInterfaceOrientations_iPad = "UIInterfaceOrientationPortrait UIInterfaceOrientationPortraitUpsideDown UIInterfaceOrientationLandscapeLeft UIInterfaceOrientationLandscapeRight";
				INFOPLIST_KEY_UISupportedInterfaceOrientations_iPhone = "UIInterfaceOrientationPortrait UIInterfaceOrientationLandscapeLeft UIInterfaceOrientationLandscapeRight";
				IPHONEOS_DEPLOYMENT_TARGET = 15.6;
				LD_RUNPATH_SEARCH_PATHS = (
					"$(inherited)",
					"@executable_path/Frameworks",
				);
				MARKETING_VERSION = 1.0;
				PRODUCT_BUNDLE_IDENTIFIER = net.fenki.httpServer;
				PRODUCT_NAME = "$(TARGET_NAME)";
				SWIFT_EMIT_LOC_STRINGS = YES;
				SWIFT_VERSION = 5.0;
				TARGETED_DEVICE_FAMILY = "1,2";
			};
			name = Debug;
		};
		942EEBA729238B2800825BA9 /* Release */ = {
			isa = XCBuildConfiguration;
			buildSettings = {
				ASSETCATALOG_COMPILER_APPICON_NAME = AppIcon;
				ASSETCATALOG_COMPILER_GLOBAL_ACCENT_COLOR_NAME = AccentColor;
				CODE_SIGN_ENTITLEMENTS = httpServer/httpServer.entitlements;
				CODE_SIGN_STYLE = Automatic;
				CURRENT_PROJECT_VERSION = 1;
				DEVELOPMENT_TEAM = ZP36XZWLS8;
				GENERATE_INFOPLIST_FILE = YES;
				INFOPLIST_FILE = httpServer/Info.plist;
				INFOPLIST_KEY_UIApplicationSupportsIndirectInputEvents = YES;
				INFOPLIST_KEY_UILaunchStoryboardName = LaunchScreen;
				INFOPLIST_KEY_UIMainStoryboardFile = Main;
				INFOPLIST_KEY_UIStatusBarStyle = "";
				INFOPLIST_KEY_UISupportedInterfaceOrientations_iPad = "UIInterfaceOrientationPortrait UIInterfaceOrientationPortraitUpsideDown UIInterfaceOrientationLandscapeLeft UIInterfaceOrientationLandscapeRight";
				INFOPLIST_KEY_UISupportedInterfaceOrientations_iPhone = "UIInterfaceOrientationPortrait UIInterfaceOrientationLandscapeLeft UIInterfaceOrientationLandscapeRight";
				IPHONEOS_DEPLOYMENT_TARGET = 15.6;
				LD_RUNPATH_SEARCH_PATHS = (
					"$(inherited)",
					"@executable_path/Frameworks",
				);
				MARKETING_VERSION = 1.0;
				PRODUCT_BUNDLE_IDENTIFIER = net.fenki.httpServer;
				PRODUCT_NAME = "$(TARGET_NAME)";
				SWIFT_EMIT_LOC_STRINGS = YES;
				SWIFT_VERSION = 5.0;
				TARGETED_DEVICE_FAMILY = "1,2";
			};
			name = Release;
		};
/* End XCBuildConfiguration section */

/* Begin XCConfigurationList section */
		942EEB8C29238B2700825BA9 /* Build configuration list for PBXProject "httpServer" */ = {
			isa = XCConfigurationList;
			buildConfigurations = (
				942EEBA329238B2800825BA9 /* Debug */,
				942EEBA429238B2800825BA9 /* Release */,
			);
			defaultConfigurationIsVisible = 0;
			defaultConfigurationName = Release;
		};
		942EEBA529238B2800825BA9 /* Build configuration list for PBXNativeTarget "httpServer" */ = {
			isa = XCConfigurationList;
			buildConfigurations = (
				942EEBA629238B2800825BA9 /* Debug */,
				942EEBA729238B2800825BA9 /* Release */,
			);
			defaultConfigurationIsVisible = 0;
			defaultConfigurationName = Release;
		};
/* End XCConfigurationList section */

/* Begin XCRemoteSwiftPackageReference section */
		942EEBA829238BFC00825BA9 /* XCRemoteSwiftPackageReference "swifter" */ = {
			isa = XCRemoteSwiftPackageReference;
			repositoryURL = "https://github.com/httpswift/swifter.git";
			requirement = {
				kind = upToNextMajorVersion;
				minimumVersion = 1.5.0;
			};
		};
/* End XCRemoteSwiftPackageReference section */

/* Begin XCSwiftPackageProductDependency section */
		942EEBA929238BFC00825BA9 /* Swifter */ = {
			isa = XCSwiftPackageProductDependency;
			package = 942EEBA829238BFC00825BA9 /* XCRemoteSwiftPackageReference "swifter" */;
			productName = Swifter;
		};
/* End XCSwiftPackageProductDependency section */
	};
	rootObject = 942EEB8929238B2700825BA9 /* Project object */;
}
